
Microsoft Visual Studio Solution File, Format Version 12.00
# Visual Studio Version 17
VisualStudioVersion = 17.2.32616.157
MinimumVisualStudioVersion = 10.0.40219.1
Project("{2150E333-8FDC-42A3-9474-1A3956D46DE8}") = "Build", "Build", "{DD48872E-7B35-44EF-A5D3-6F1472F322CE}"
	ProjectSection(SolutionItems) = preProject
		Directory.Build.props = Directory.Build.props
		Directory.Build.props.default = Directory.Build.props.default
		Directory.Build.targets = Directory.Build.targets
	EndProjectSection
EndProject
Project("{9A19103F-16F7-4668-BE54-9A1E7A4F7556}") = "GravitasMemory", "GravitasMemory\GravitasMemory.csproj", "{F15FC183-3908-4EBE-B443-45945E8DC673}"
EndProject
Project("{9A19103F-16F7-4668-BE54-9A1E7A4F7556}") = "MoveGeyers", "MoveGeysers\MoveGeyers.csproj", "{A22B7B8E-AD2C-412E-BAD2-A6E442C55BCC}"
EndProject
Project("{9A19103F-16F7-4668-BE54-9A1E7A4F7556}") = "MoreMovable", "MoreMovable\MoreMovable.csproj", "{A53AF349-CA2D-4ABD-9FEF-E5BA43C154BA}"
EndProject
Project("{9A19103F-16F7-4668-BE54-9A1E7A4F7556}") = "PackAnything", "PackAnything\PackAnything.csproj", "{58D02FE3-4D30-433B-8D4E-91846CBF1757}"
EndProject
Project("{9A19103F-16F7-4668-BE54-9A1E7A4F7556}") = "LuckyChallenge", "LuckyChallenge\LuckyChallenge.csproj", "{88DB0B00-248F-4B6D-BBDA-9A9D5007911D}"
EndProject
Global
	GlobalSection(SolutionConfigurationPlatforms) = preSolution
		Debug|Mergedown = Debug|Mergedown
		Debug|Vanilla = Debug|Vanilla
		Release|Mergedown = Release|Mergedown
		Release|Vanilla = Release|Vanilla
	EndGlobalSection
	GlobalSection(ProjectConfigurationPlatforms) = postSolution
		{F15FC183-3908-4EBE-B443-45945E8DC673}.Debug|Mergedown.ActiveCfg = Debug|Mergedown
		{F15FC183-3908-4EBE-B443-45945E8DC673}.Debug|Mergedown.Build.0 = Debug|Mergedown
		{F15FC183-3908-4EBE-B443-45945E8DC673}.Debug|Vanilla.ActiveCfg = Debug|Vanilla
		{F15FC183-3908-4EBE-B443-45945E8DC673}.Debug|Vanilla.Build.0 = Debug|Vanilla
		{F15FC183-3908-4EBE-B443-45945E8DC673}.Release|Mergedown.ActiveCfg = Release|Mergedown
		{F15FC183-3908-4EBE-B443-45945E8DC673}.Release|Mergedown.Build.0 = Release|Mergedown
		{F15FC183-3908-4EBE-B443-45945E8DC673}.Release|Vanilla.ActiveCfg = Release|Vanilla
		{F15FC183-3908-4EBE-B443-45945E8DC673}.Release|Vanilla.Build.0 = Release|Vanilla
		{A22B7B8E-AD2C-412E-BAD2-A6E442C55BCC}.Debug|Mergedown.ActiveCfg = Debug|Mergedown
		{A22B7B8E-AD2C-412E-BAD2-A6E442C55BCC}.Debug|Mergedown.Build.0 = Debug|Mergedown
		{A22B7B8E-AD2C-412E-BAD2-A6E442C55BCC}.Debug|Vanilla.ActiveCfg = Debug|Vanilla
		{A22B7B8E-AD2C-412E-BAD2-A6E442C55BCC}.Debug|Vanilla.Build.0 = Debug|Vanilla
		{A22B7B8E-AD2C-412E-BAD2-A6E442C55BCC}.Release|Mergedown.ActiveCfg = Release|Mergedown
		{A22B7B8E-AD2C-412E-BAD2-A6E442C55BCC}.Release|Mergedown.Build.0 = Release|Mergedown
		{A22B7B8E-AD2C-412E-BAD2-A6E442C55BCC}.Release|Vanilla.ActiveCfg = Release|Vanilla
		{A22B7B8E-AD2C-412E-BAD2-A6E442C55BCC}.Release|Vanilla.Build.0 = Release|Vanilla
		{A53AF349-CA2D-4ABD-9FEF-E5BA43C154BA}.Debug|Mergedown.ActiveCfg = Debug|Mergedown
		{A53AF349-CA2D-4ABD-9FEF-E5BA43C154BA}.Debug|Mergedown.Build.0 = Debug|Mergedown
		{A53AF349-CA2D-4ABD-9FEF-E5BA43C154BA}.Debug|Vanilla.ActiveCfg = Debug|Vanilla
		{A53AF349-CA2D-4ABD-9FEF-E5BA43C154BA}.Debug|Vanilla.Build.0 = Debug|Vanilla
		{A53AF349-CA2D-4ABD-9FEF-E5BA43C154BA}.Release|Mergedown.ActiveCfg = Release|Mergedown
		{A53AF349-CA2D-4ABD-9FEF-E5BA43C154BA}.Release|Mergedown.Build.0 = Release|Mergedown
		{A53AF349-CA2D-4ABD-9FEF-E5BA43C154BA}.Release|Vanilla.ActiveCfg = Release|Vanilla
		{A53AF349-CA2D-4ABD-9FEF-E5BA43C154BA}.Release|Vanilla.Build.0 = Release|Vanilla
		{58D02FE3-4D30-433B-8D4E-91846CBF1757}.Debug|Mergedown.ActiveCfg = Debug|Mergedown
		{58D02FE3-4D30-433B-8D4E-91846CBF1757}.Debug|Mergedown.Build.0 = Debug|Mergedown
		{58D02FE3-4D30-433B-8D4E-91846CBF1757}.Debug|Vanilla.ActiveCfg = Debug|Vanilla
		{58D02FE3-4D30-433B-8D4E-91846CBF1757}.Debug|Vanilla.Build.0 = Debug|Vanilla
		{58D02FE3-4D30-433B-8D4E-91846CBF1757}.Release|Mergedown.ActiveCfg = Release|Mergedown
		{58D02FE3-4D30-433B-8D4E-91846CBF1757}.Release|Mergedown.Build.0 = Release|Mergedown
		{58D02FE3-4D30-433B-8D4E-91846CBF1757}.Release|Vanilla.ActiveCfg = Release|Vanilla
		{58D02FE3-4D30-433B-8D4E-91846CBF1757}.Release|Vanilla.Build.0 = Release|Vanilla
		{88DB0B00-248F-4B6D-BBDA-9A9D5007911D}.Debug|Mergedown.ActiveCfg = Debug|Mergedown
		{88DB0B00-248F-4B6D-BBDA-9A9D5007911D}.Debug|Mergedown.Build.0 = Debug|Mergedown
		{88DB0B00-248F-4B6D-BBDA-9A9D5007911D}.Debug|Vanilla.ActiveCfg = Debug|Vanilla
		{88DB0B00-248F-4B6D-BBDA-9A9D5007911D}.Debug|Vanilla.Build.0 = Debug|Vanilla
		{88DB0B00-248F-4B6D-BBDA-9A9D5007911D}.Release|Mergedown.ActiveCfg = Release|Mergedown
		{88DB0B00-248F-4B6D-BBDA-9A9D5007911D}.Release|Mergedown.Build.0 = Release|Mergedown
		{88DB0B00-248F-4B6D-BBDA-9A9D5007911D}.Release|Vanilla.ActiveCfg = Release|Vanilla
		{88DB0B00-248F-4B6D-BBDA-9A9D5007911D}.Release|Vanilla.Build.0 = Release|Vanilla
	EndGlobalSection
	GlobalSection(SolutionProperties) = preSolution
		HideSolutionNode = FALSE
	EndGlobalSection
	GlobalSection(ExtensibilityGlobals) = postSolution
		SolutionGuid = {05AD4341-9C99-4998-8BEC-CFBB218B464B}
	EndGlobalSection
EndGlobal
