
Microsoft Visual Studio Solution File, Format Version 12.00
# Visual Studio Version 17
VisualStudioVersion = 17.2.32616.157
MinimumVisualStudioVersion = 10.0.40219.1
Project("{2150E333-8FDC-42A3-9474-1A3956D46DE8}") = "Build", "Build", "{DD48872E-7B35-44EF-A5D3-6F1472F322CE}"
	ProjectSection(SolutionItems) = preProject
		Directory.Build.props = Directory.Build.props
		Directory.Build.props.default = Directory.Build.props.default
		Directory.Build.targets = Directory.Build.targets
	EndProjectSection
EndProject
Project("{9A19103F-16F7-4668-BE54-9A1E7A4F7556}") = "GravitasMemory", "GravitasMemory\GravitasMemory.csproj", "{F15FC183-3908-4EBE-B443-45945E8DC673}"
EndProject
Project("{9A19103F-16F7-4668-BE54-9A1E7A4F7556}") = "MoveGeyers", "MoveGeysers\MoveGeyers.csproj", "{A22B7B8E-AD2C-412E-BAD2-A6E442C55BCC}"
EndProject
Project("{9A19103F-16F7-4668-BE54-9A1E7A4F7556}") = "MoreMovable", "MoreMovable\MoreMovable.csproj", "{A53AF349-CA2D-4ABD-9FEF-E5BA43C154BA}"
EndProject
Project("{9A19103F-16F7-4668-BE54-9A1E7A4F7556}") = "PackAnything", "PackAnything\PackAnything.csproj", "{58D02FE3-4D30-433B-8D4E-91846CBF1757}"
EndProject
Project("{9A19103F-16F7-4668-BE54-9A1E7A4F7556}") = "LuckyChallenge", "LuckyChallenge\LuckyChallenge.csproj", "{88DB0B00-248F-4B6D-BBDA-9A9D5007911D}"
EndProject
Project("{2150E333-8FDC-42A3-9474-1A3956D46DE8}") = "Draft", "Draft", "{6C166698-42A6-4AFD-9F4C-CA6C20F55887}"
EndProject
Project("{2150E333-8FDC-42A3-9474-1A3956D46DE8}") = "Active", "Active", "{84877F02-1D2E-4A8E-BC3E-44FA8F6A417F}"
EndProject
Project("{2150E333-8FDC-42A3-9474-1A3956D46DE8}") = "Discarded", "Discarded", "{EA38FED7-E861-45D1-8BCA-C29F00400F9F}"
EndProject
Project("{9A19103F-16F7-4668-BE54-9A1E7A4F7556}") = "ChangeChoreType", "ChangeChoreType\ChangeChoreType.csproj", "{3CE9540E-6A30-4341-B9BE-45A08354FE23}"
EndProject
Project("{9A19103F-16F7-4668-BE54-9A1E7A4F7556}") = "TweaksPack", "TweaksPack\TweaksPack.csproj", "{A5BE7C06-388A-4AAB-9891-DA16FA2EB29B}"
EndProject
Project("{9A19103F-16F7-4668-BE54-9A1E7A4F7556}") = "PlantPulverizerEnhancement", "PlantPulverizerEnhancement\PlantPulverizerEnhancement.csproj", "{3941339F-559C-4EDC-9F18-DB5778AC348B}"
EndProject
Project("{9A19103F-16F7-4668-BE54-9A1E7A4F7556}") = "FixCrashBMF", "FixCrashBMF\FixCrashBMF.csproj", "{32B2E45C-48F8-4811-BB28-360967DB7179}"
EndProject
Project("{9A19103F-16F7-4668-BE54-9A1E7A4F7556}") = "SaltBox", "SaltBox\SaltBox.csproj", "{5AEE33DD-099B-4391-AE47-FD7B19DFF020}"
EndProject
Project("{9A19103F-16F7-4668-BE54-9A1E7A4F7556}") = "MoreTiles", "MoreTiles\MoreTiles.csproj", "{19D45ECC-9E8A-44EC-ABED-B9CC2468973A}"
EndProject
Project("{9A19103F-16F7-4668-BE54-9A1E7A4F7556}") = "Market", "Market\Market.csproj", "{0065117A-70AF-4DB1-8A81-0173FE84B132}"
EndProject
Project("{9A19103F-16F7-4668-BE54-9A1E7A4F7556}") = "SpaceStore", "SpaceStore\SpaceStore.csproj", "{AB33F564-8C23-451F-A439-64FE5AEA65C7}"
EndProject
Project("{9A19103F-16F7-4668-BE54-9A1E7A4F7556}") = "StoreGoods", "StoreGoods\StoreGoods.csproj", "{109D4430-517C-4F14-A5EA-87BB046384E0}"
EndProject
Project("{9A19103F-16F7-4668-BE54-9A1E7A4F7556}") = "WirelessProject", "WirelessProject\WirelessProject.csproj", "{559CA0FA-1631-422D-9470-CA71A905D27F}"
EndProject
Global
	GlobalSection(SolutionConfigurationPlatforms) = preSolution
		Debug|Mergedown = Debug|Mergedown
		Debug|Vanilla = Debug|Vanilla
		Release|Mergedown = Release|Mergedown
		Release|Vanilla = Release|Vanilla
	EndGlobalSection
	GlobalSection(ProjectConfigurationPlatforms) = postSolution
		{F15FC183-3908-4EBE-B443-45945E8DC673}.Debug|Mergedown.ActiveCfg = Debug|Mergedown
		{F15FC183-3908-4EBE-B443-45945E8DC673}.Debug|Mergedown.Build.0 = Debug|Mergedown
		{F15FC183-3908-4EBE-B443-45945E8DC673}.Debug|Vanilla.ActiveCfg = Debug|Vanilla
		{F15FC183-3908-4EBE-B443-45945E8DC673}.Debug|Vanilla.Build.0 = Debug|Vanilla
		{F15FC183-3908-4EBE-B443-45945E8DC673}.Release|Mergedown.ActiveCfg = Release|Mergedown
		{F15FC183-3908-4EBE-B443-45945E8DC673}.Release|Mergedown.Build.0 = Release|Mergedown
		{F15FC183-3908-4EBE-B443-45945E8DC673}.Release|Vanilla.ActiveCfg = Release|Vanilla
		{F15FC183-3908-4EBE-B443-45945E8DC673}.Release|Vanilla.Build.0 = Release|Vanilla
		{A22B7B8E-AD2C-412E-BAD2-A6E442C55BCC}.Debug|Mergedown.ActiveCfg = Debug|Mergedown
		{A22B7B8E-AD2C-412E-BAD2-A6E442C55BCC}.Debug|Mergedown.Build.0 = Debug|Mergedown
		{A22B7B8E-AD2C-412E-BAD2-A6E442C55BCC}.Debug|Vanilla.ActiveCfg = Debug|Vanilla
		{A22B7B8E-AD2C-412E-BAD2-A6E442C55BCC}.Debug|Vanilla.Build.0 = Debug|Vanilla
		{A22B7B8E-AD2C-412E-BAD2-A6E442C55BCC}.Release|Mergedown.ActiveCfg = Release|Mergedown
		{A22B7B8E-AD2C-412E-BAD2-A6E442C55BCC}.Release|Mergedown.Build.0 = Release|Mergedown
		{A22B7B8E-AD2C-412E-BAD2-A6E442C55BCC}.Release|Vanilla.ActiveCfg = Release|Vanilla
		{A22B7B8E-AD2C-412E-BAD2-A6E442C55BCC}.Release|Vanilla.Build.0 = Release|Vanilla
		{A53AF349-CA2D-4ABD-9FEF-E5BA43C154BA}.Debug|Mergedown.ActiveCfg = Debug|Mergedown
		{A53AF349-CA2D-4ABD-9FEF-E5BA43C154BA}.Debug|Mergedown.Build.0 = Debug|Mergedown
		{A53AF349-CA2D-4ABD-9FEF-E5BA43C154BA}.Debug|Vanilla.ActiveCfg = Debug|Vanilla
		{A53AF349-CA2D-4ABD-9FEF-E5BA43C154BA}.Debug|Vanilla.Build.0 = Debug|Vanilla
		{A53AF349-CA2D-4ABD-9FEF-E5BA43C154BA}.Release|Mergedown.ActiveCfg = Release|Mergedown
		{A53AF349-CA2D-4ABD-9FEF-E5BA43C154BA}.Release|Mergedown.Build.0 = Release|Mergedown
		{A53AF349-CA2D-4ABD-9FEF-E5BA43C154BA}.Release|Vanilla.ActiveCfg = Release|Vanilla
		{A53AF349-CA2D-4ABD-9FEF-E5BA43C154BA}.Release|Vanilla.Build.0 = Release|Vanilla
		{58D02FE3-4D30-433B-8D4E-91846CBF1757}.Debug|Mergedown.ActiveCfg = Debug|Mergedown
		{58D02FE3-4D30-433B-8D4E-91846CBF1757}.Debug|Mergedown.Build.0 = Debug|Mergedown
		{58D02FE3-4D30-433B-8D4E-91846CBF1757}.Debug|Vanilla.ActiveCfg = Debug|Vanilla
		{58D02FE3-4D30-433B-8D4E-91846CBF1757}.Debug|Vanilla.Build.0 = Debug|Vanilla
		{58D02FE3-4D30-433B-8D4E-91846CBF1757}.Release|Mergedown.ActiveCfg = Release|Mergedown
		{58D02FE3-4D30-433B-8D4E-91846CBF1757}.Release|Mergedown.Build.0 = Release|Mergedown
		{58D02FE3-4D30-433B-8D4E-91846CBF1757}.Release|Vanilla.ActiveCfg = Release|Vanilla
		{58D02FE3-4D30-433B-8D4E-91846CBF1757}.Release|Vanilla.Build.0 = Release|Vanilla
		{88DB0B00-248F-4B6D-BBDA-9A9D5007911D}.Debug|Mergedown.ActiveCfg = Debug|Mergedown
		{88DB0B00-248F-4B6D-BBDA-9A9D5007911D}.Debug|Mergedown.Build.0 = Debug|Mergedown
		{88DB0B00-248F-4B6D-BBDA-9A9D5007911D}.Debug|Vanilla.ActiveCfg = Debug|Vanilla
		{88DB0B00-248F-4B6D-BBDA-9A9D5007911D}.Debug|Vanilla.Build.0 = Debug|Vanilla
		{88DB0B00-248F-4B6D-BBDA-9A9D5007911D}.Release|Mergedown.ActiveCfg = Release|Mergedown
		{88DB0B00-248F-4B6D-BBDA-9A9D5007911D}.Release|Mergedown.Build.0 = Release|Mergedown
		{88DB0B00-248F-4B6D-BBDA-9A9D5007911D}.Release|Vanilla.ActiveCfg = Release|Vanilla
		{88DB0B00-248F-4B6D-BBDA-9A9D5007911D}.Release|Vanilla.Build.0 = Release|Vanilla
		{3CE9540E-6A30-4341-B9BE-45A08354FE23}.Debug|Mergedown.ActiveCfg = Debug|Mergedown
		{3CE9540E-6A30-4341-B9BE-45A08354FE23}.Debug|Mergedown.Build.0 = Debug|Mergedown
		{3CE9540E-6A30-4341-B9BE-45A08354FE23}.Debug|Vanilla.ActiveCfg = Debug|Vanilla
		{3CE9540E-6A30-4341-B9BE-45A08354FE23}.Debug|Vanilla.Build.0 = Debug|Vanilla
		{3CE9540E-6A30-4341-B9BE-45A08354FE23}.Release|Mergedown.ActiveCfg = Release|Mergedown
		{3CE9540E-6A30-4341-B9BE-45A08354FE23}.Release|Mergedown.Build.0 = Release|Mergedown
		{3CE9540E-6A30-4341-B9BE-45A08354FE23}.Release|Vanilla.ActiveCfg = Release|Vanilla
		{3CE9540E-6A30-4341-B9BE-45A08354FE23}.Release|Vanilla.Build.0 = Release|Vanilla
		{A5BE7C06-388A-4AAB-9891-DA16FA2EB29B}.Debug|Mergedown.ActiveCfg = Debug|Mergedown
		{A5BE7C06-388A-4AAB-9891-DA16FA2EB29B}.Debug|Mergedown.Build.0 = Debug|Mergedown
		{A5BE7C06-388A-4AAB-9891-DA16FA2EB29B}.Debug|Vanilla.ActiveCfg = Debug|Vanilla
		{A5BE7C06-388A-4AAB-9891-DA16FA2EB29B}.Debug|Vanilla.Build.0 = Debug|Vanilla
		{A5BE7C06-388A-4AAB-9891-DA16FA2EB29B}.Release|Mergedown.ActiveCfg = Release|Mergedown
		{A5BE7C06-388A-4AAB-9891-DA16FA2EB29B}.Release|Mergedown.Build.0 = Release|Mergedown
		{A5BE7C06-388A-4AAB-9891-DA16FA2EB29B}.Release|Vanilla.ActiveCfg = Release|Vanilla
		{A5BE7C06-388A-4AAB-9891-DA16FA2EB29B}.Release|Vanilla.Build.0 = Release|Vanilla
		{3941339F-559C-4EDC-9F18-DB5778AC348B}.Debug|Mergedown.ActiveCfg = Debug|Mergedown
		{3941339F-559C-4EDC-9F18-DB5778AC348B}.Debug|Mergedown.Build.0 = Debug|Mergedown
		{3941339F-559C-4EDC-9F18-DB5778AC348B}.Debug|Vanilla.ActiveCfg = Debug|Vanilla
		{3941339F-559C-4EDC-9F18-DB5778AC348B}.Debug|Vanilla.Build.0 = Debug|Vanilla
		{3941339F-559C-4EDC-9F18-DB5778AC348B}.Release|Mergedown.ActiveCfg = Release|Mergedown
		{3941339F-559C-4EDC-9F18-DB5778AC348B}.Release|Mergedown.Build.0 = Release|Mergedown
		{3941339F-559C-4EDC-9F18-DB5778AC348B}.Release|Vanilla.ActiveCfg = Release|Vanilla
		{3941339F-559C-4EDC-9F18-DB5778AC348B}.Release|Vanilla.Build.0 = Release|Vanilla
		{32B2E45C-48F8-4811-BB28-360967DB7179}.Debug|Mergedown.ActiveCfg = Debug|Mergedown
		{32B2E45C-48F8-4811-BB28-360967DB7179}.Debug|Mergedown.Build.0 = Debug|Mergedown
		{32B2E45C-48F8-4811-BB28-360967DB7179}.Debug|Vanilla.ActiveCfg = Debug|Vanilla
		{32B2E45C-48F8-4811-BB28-360967DB7179}.Debug|Vanilla.Build.0 = Debug|Vanilla
		{32B2E45C-48F8-4811-BB28-360967DB7179}.Release|Mergedown.ActiveCfg = Release|Mergedown
		{32B2E45C-48F8-4811-BB28-360967DB7179}.Release|Mergedown.Build.0 = Release|Mergedown
		{32B2E45C-48F8-4811-BB28-360967DB7179}.Release|Vanilla.ActiveCfg = Release|Vanilla
		{32B2E45C-48F8-4811-BB28-360967DB7179}.Release|Vanilla.Build.0 = Release|Vanilla
		{5AEE33DD-099B-4391-AE47-FD7B19DFF020}.Debug|Mergedown.ActiveCfg = Debug|Mergedown
		{5AEE33DD-099B-4391-AE47-FD7B19DFF020}.Debug|Mergedown.Build.0 = Debug|Mergedown
		{5AEE33DD-099B-4391-AE47-FD7B19DFF020}.Debug|Vanilla.ActiveCfg = Debug|Vanilla
		{5AEE33DD-099B-4391-AE47-FD7B19DFF020}.Debug|Vanilla.Build.0 = Debug|Vanilla
		{5AEE33DD-099B-4391-AE47-FD7B19DFF020}.Release|Mergedown.ActiveCfg = Release|Mergedown
		{5AEE33DD-099B-4391-AE47-FD7B19DFF020}.Release|Mergedown.Build.0 = Release|Mergedown
		{5AEE33DD-099B-4391-AE47-FD7B19DFF020}.Release|Vanilla.ActiveCfg = Release|Vanilla
		{5AEE33DD-099B-4391-AE47-FD7B19DFF020}.Release|Vanilla.Build.0 = Release|Vanilla
		{19D45ECC-9E8A-44EC-ABED-B9CC2468973A}.Debug|Mergedown.ActiveCfg = Debug|Mergedown
		{19D45ECC-9E8A-44EC-ABED-B9CC2468973A}.Debug|Mergedown.Build.0 = Debug|Mergedown
		{19D45ECC-9E8A-44EC-ABED-B9CC2468973A}.Debug|Vanilla.ActiveCfg = Debug|Vanilla
		{19D45ECC-9E8A-44EC-ABED-B9CC2468973A}.Debug|Vanilla.Build.0 = Debug|Vanilla
		{19D45ECC-9E8A-44EC-ABED-B9CC2468973A}.Release|Mergedown.ActiveCfg = Release|Mergedown
		{19D45ECC-9E8A-44EC-ABED-B9CC2468973A}.Release|Mergedown.Build.0 = Release|Mergedown
		{19D45ECC-9E8A-44EC-ABED-B9CC2468973A}.Release|Vanilla.ActiveCfg = Release|Vanilla
		{19D45ECC-9E8A-44EC-ABED-B9CC2468973A}.Release|Vanilla.Build.0 = Release|Vanilla
		{0065117A-70AF-4DB1-8A81-0173FE84B132}.Debug|Mergedown.ActiveCfg = Debug|Mergedown
		{0065117A-70AF-4DB1-8A81-0173FE84B132}.Debug|Mergedown.Build.0 = Debug|Mergedown
		{0065117A-70AF-4DB1-8A81-0173FE84B132}.Debug|Vanilla.ActiveCfg = Debug|Vanilla
		{0065117A-70AF-4DB1-8A81-0173FE84B132}.Debug|Vanilla.Build.0 = Debug|Vanilla
		{0065117A-70AF-4DB1-8A81-0173FE84B132}.Release|Mergedown.ActiveCfg = Release|Mergedown
		{0065117A-70AF-4DB1-8A81-0173FE84B132}.Release|Mergedown.Build.0 = Release|Mergedown
		{0065117A-70AF-4DB1-8A81-0173FE84B132}.Release|Vanilla.ActiveCfg = Release|Vanilla
		{0065117A-70AF-4DB1-8A81-0173FE84B132}.Release|Vanilla.Build.0 = Release|Vanilla
		{AB33F564-8C23-451F-A439-64FE5AEA65C7}.Debug|Mergedown.ActiveCfg = Debug|Mergedown
		{AB33F564-8C23-451F-A439-64FE5AEA65C7}.Debug|Mergedown.Build.0 = Debug|Mergedown
		{AB33F564-8C23-451F-A439-64FE5AEA65C7}.Debug|Vanilla.ActiveCfg = Debug|Vanilla
		{AB33F564-8C23-451F-A439-64FE5AEA65C7}.Debug|Vanilla.Build.0 = Debug|Vanilla
		{AB33F564-8C23-451F-A439-64FE5AEA65C7}.Release|Mergedown.ActiveCfg = Release|Mergedown
		{AB33F564-8C23-451F-A439-64FE5AEA65C7}.Release|Mergedown.Build.0 = Release|Mergedown
		{AB33F564-8C23-451F-A439-64FE5AEA65C7}.Release|Vanilla.ActiveCfg = Release|Vanilla
		{AB33F564-8C23-451F-A439-64FE5AEA65C7}.Release|Vanilla.Build.0 = Release|Vanilla
		{109D4430-517C-4F14-A5EA-87BB046384E0}.Debug|Mergedown.ActiveCfg = Debug|Mergedown
		{109D4430-517C-4F14-A5EA-87BB046384E0}.Debug|Mergedown.Build.0 = Debug|Mergedown
		{109D4430-517C-4F14-A5EA-87BB046384E0}.Debug|Vanilla.ActiveCfg = Debug|Vanilla
		{109D4430-517C-4F14-A5EA-87BB046384E0}.Debug|Vanilla.Build.0 = Debug|Vanilla
		{109D4430-517C-4F14-A5EA-87BB046384E0}.Release|Mergedown.ActiveCfg = Release|Mergedown
		{109D4430-517C-4F14-A5EA-87BB046384E0}.Release|Mergedown.Build.0 = Release|Mergedown
		{109D4430-517C-4F14-A5EA-87BB046384E0}.Release|Vanilla.ActiveCfg = Release|Vanilla
		{109D4430-517C-4F14-A5EA-87BB046384E0}.Release|Vanilla.Build.0 = Release|Vanilla
		{559CA0FA-1631-422D-9470-CA71A905D27F}.Debug|Mergedown.ActiveCfg = Debug|Mergedown
		{559CA0FA-1631-422D-9470-CA71A905D27F}.Debug|Mergedown.Build.0 = Debug|Mergedown
		{559CA0FA-1631-422D-9470-CA71A905D27F}.Debug|Vanilla.ActiveCfg = Debug|Vanilla
		{559CA0FA-1631-422D-9470-CA71A905D27F}.Debug|Vanilla.Build.0 = Debug|Vanilla
		{559CA0FA-1631-422D-9470-CA71A905D27F}.Release|Mergedown.ActiveCfg = Release|Mergedown
		{559CA0FA-1631-422D-9470-CA71A905D27F}.Release|Mergedown.Build.0 = Release|Mergedown
		{559CA0FA-1631-422D-9470-CA71A905D27F}.Release|Vanilla.ActiveCfg = Release|Vanilla
		{559CA0FA-1631-422D-9470-CA71A905D27F}.Release|Vanilla.Build.0 = Release|Vanilla
	EndGlobalSection
	GlobalSection(SolutionProperties) = preSolution
		HideSolutionNode = FALSE
	EndGlobalSection
	GlobalSection(NestedProjects) = preSolution
		{F15FC183-3908-4EBE-B443-45945E8DC673} = {84877F02-1D2E-4A8E-BC3E-44FA8F6A417F}
		{A22B7B8E-AD2C-412E-BAD2-A6E442C55BCC} = {EA38FED7-E861-45D1-8BCA-C29F00400F9F}
		{A53AF349-CA2D-4ABD-9FEF-E5BA43C154BA} = {EA38FED7-E861-45D1-8BCA-C29F00400F9F}
		{58D02FE3-4D30-433B-8D4E-91846CBF1757} = {84877F02-1D2E-4A8E-BC3E-44FA8F6A417F}
		{88DB0B00-248F-4B6D-BBDA-9A9D5007911D} = {6C166698-42A6-4AFD-9F4C-CA6C20F55887}
		{3CE9540E-6A30-4341-B9BE-45A08354FE23} = {84877F02-1D2E-4A8E-BC3E-44FA8F6A417F}
		{A5BE7C06-388A-4AAB-9891-DA16FA2EB29B} = {EA38FED7-E861-45D1-8BCA-C29F00400F9F}
		{3941339F-559C-4EDC-9F18-DB5778AC348B} = {84877F02-1D2E-4A8E-BC3E-44FA8F6A417F}
		{32B2E45C-48F8-4811-BB28-360967DB7179} = {84877F02-1D2E-4A8E-BC3E-44FA8F6A417F}
		{5AEE33DD-099B-4391-AE47-FD7B19DFF020} = {84877F02-1D2E-4A8E-BC3E-44FA8F6A417F}
		{19D45ECC-9E8A-44EC-ABED-B9CC2468973A} = {84877F02-1D2E-4A8E-BC3E-44FA8F6A417F}
		{0065117A-70AF-4DB1-8A81-0173FE84B132} = {EA38FED7-E861-45D1-8BCA-C29F00400F9F}
		{AB33F564-8C23-451F-A439-64FE5AEA65C7} = {84877F02-1D2E-4A8E-BC3E-44FA8F6A417F}
		{109D4430-517C-4F14-A5EA-87BB046384E0} = {84877F02-1D2E-4A8E-BC3E-44FA8F6A417F}
		{559CA0FA-1631-422D-9470-CA71A905D27F} = {84877F02-1D2E-4A8E-BC3E-44FA8F6A417F}
	EndGlobalSection
	GlobalSection(ExtensibilityGlobals) = postSolution
		SolutionGuid = {05AD4341-9C99-4998-8BEC-CFBB218B464B}
	EndGlobalSection
EndGlobal
